// !$*UTF8*$!
{
	archiveVersion = 1;
	classes = {
	};
	objectVersion = 46;
	objects = {

/* Begin PBXBuildFile section */
		11037ED71B697111000F88EF /* SearchManager.swift in Sources */ = {isa = PBXBuildFile; fileRef = 11037ED61B697111000F88EF /* SearchManager.swift */; };
		11037EF61B697B5E000F88EF /* HTMLNode.m in Sources */ = {isa = PBXBuildFile; fileRef = 11037EF31B697B5E000F88EF /* HTMLNode.m */; settings = {COMPILER_FLAGS = "-fno-objc-arc"; }; };
		11037EF71B697B5E000F88EF /* HTMLParser.m in Sources */ = {isa = PBXBuildFile; fileRef = 11037EF51B697B5E000F88EF /* HTMLParser.m */; settings = {COMPILER_FLAGS = "-fno-objc-arc"; }; };
		11175B7A1B68CE9D00A652CB /* PodcastEpisode.swift in Sources */ = {isa = PBXBuildFile; fileRef = 11175B791B68CE9D00A652CB /* PodcastEpisode.swift */; };
		11175B821B68DAF100A652CB /* PodcastEpisodeTableViewCell.swift in Sources */ = {isa = PBXBuildFile; fileRef = 11175B811B68DAF100A652CB /* PodcastEpisodeTableViewCell.swift */; };
		112990E91B832E19005FD5AB /* AcousticModelEnglish.bundle in Resources */ = {isa = PBXBuildFile; fileRef = 112990E51B832E19005FD5AB /* AcousticModelEnglish.bundle */; };
		112990EA1B832E19005FD5AB /* AcousticModelSpanish.bundle in Resources */ = {isa = PBXBuildFile; fileRef = 112990E61B832E19005FD5AB /* AcousticModelSpanish.bundle */; };
		112990EC1B832E19005FD5AB /* Slt.framework in Frameworks */ = {isa = PBXBuildFile; fileRef = 112990E81B832E19005FD5AB /* Slt.framework */; };
		113AA6C71B6E481B0061FFB2 /* AVFoundation.framework in Frameworks */ = {isa = PBXBuildFile; fileRef = 113AA6C61B6E481B0061FFB2 /* AVFoundation.framework */; };
		1165E9471BFDCC350054A263 /* libxml2.dylib in Frameworks */ = {isa = PBXBuildFile; fileRef = 1165E9461BFDCC350054A263 /* libxml2.dylib */; };
		116B123C1B7A953500CED1AE /* Reachability.swift in Sources */ = {isa = PBXBuildFile; fileRef = 116B123B1B7A953500CED1AE /* Reachability.swift */; };
		116B123F1B7B760C00CED1AE /* Main.storyboard in Resources */ = {isa = PBXBuildFile; fileRef = 116B123D1B7B760C00CED1AE /* Main.storyboard */; };
		116B12411B7BA70300CED1AE /* AudioToolbox.framework in Frameworks */ = {isa = PBXBuildFile; fileRef = 116B12401B7BA70300CED1AE /* AudioToolbox.framework */; };
		116CF0551B5B1CAE0056FCA0 /* glasgowLogo.gif in Resources */ = {isa = PBXBuildFile; fileRef = 116CF0541B5B1CAE0056FCA0 /* glasgowLogo.gif */; };
		116CF0571B5B203E0056FCA0 /* DownloadsViewController.swift in Sources */ = {isa = PBXBuildFile; fileRef = 116CF0561B5B203E0056FCA0 /* DownloadsViewController.swift */; };
		116CF0591B5B204E0056FCA0 /* AboutViewController.swift in Sources */ = {isa = PBXBuildFile; fileRef = 116CF0581B5B204E0056FCA0 /* AboutViewController.swift */; };
		116CF05B1B5B205E0056FCA0 /* SearchViewController.swift in Sources */ = {isa = PBXBuildFile; fileRef = 116CF05A1B5B205E0056FCA0 /* SearchViewController.swift */; };
		116CF05D1B5B207A0056FCA0 /* NowPlayingViewController.swift in Sources */ = {isa = PBXBuildFile; fileRef = 116CF05C1B5B207A0056FCA0 /* NowPlayingViewController.swift */; };
		116CF05F1B5B208A0056FCA0 /* PodcastFeedViewController.swift in Sources */ = {isa = PBXBuildFile; fileRef = 116CF05E1B5B208A0056FCA0 /* PodcastFeedViewController.swift */; };
		118D2F311B5AD9370005F577 /* AppDelegate.swift in Sources */ = {isa = PBXBuildFile; fileRef = 118D2F301B5AD9370005F577 /* AppDelegate.swift */; };
		118D2F331B5AD9370005F577 /* TabViewController.swift in Sources */ = {isa = PBXBuildFile; fileRef = 118D2F321B5AD9370005F577 /* TabViewController.swift */; };
		118D2F381B5AD9370005F577 /* Images.xcassets in Resources */ = {isa = PBXBuildFile; fileRef = 118D2F371B5AD9370005F577 /* Images.xcassets */; };
		118D2F3B1B5AD9370005F577 /* LaunchScreen.xib in Resources */ = {isa = PBXBuildFile; fileRef = 118D2F391B5AD9370005F577 /* LaunchScreen.xib */; };
		118D2F471B5AD9370005F577 /* VisucastTests.swift in Sources */ = {isa = PBXBuildFile; fileRef = 118D2F461B5AD9370005F577 /* VisucastTests.swift */; };
		11BCCD8D1B6A4716002D7DE9 /* DownloadsTableViewCell.swift in Sources */ = {isa = PBXBuildFile; fileRef = 11BCCD8C1B6A4716002D7DE9 /* DownloadsTableViewCell.swift */; };
		11C0065B1B8253BF0084AA5B /* DownloadProgressViewController.swift in Sources */ = {isa = PBXBuildFile; fileRef = 11C0065A1B8253BF0084AA5B /* DownloadProgressViewController.swift */; };
		11C9781F1B6B90AC00EFDA95 /* DownloadManager.swift in Sources */ = {isa = PBXBuildFile; fileRef = 11C9781E1B6B90AC00EFDA95 /* DownloadManager.swift */; };
		11D8ED5B1B7CC298003B261C /* PodcastPlayer.swift in Sources */ = {isa = PBXBuildFile; fileRef = 11D8ED5A1B7CC298003B261C /* PodcastPlayer.swift */; };
		11D8ED631B7CC79C003B261C /* DictationManager.swift in Sources */ = {isa = PBXBuildFile; fileRef = 11D8ED621B7CC79C003B261C /* DictationManager.swift */; };
		11E22D531B650D1300EB6A6C /* SearchTableView.swift in Sources */ = {isa = PBXBuildFile; fileRef = 11E22D521B650D1300EB6A6C /* SearchTableView.swift */; };
		11E22D5C1B6565F400EB6A6C /* Podcast.swift in Sources */ = {isa = PBXBuildFile; fileRef = 11E22D5B1B6565F400EB6A6C /* Podcast.swift */; };
		11E22D951B663C8300EB6A6C /* PodcastTableViewCell.swift in Sources */ = {isa = PBXBuildFile; fileRef = 11E22D941B663C8300EB6A6C /* PodcastTableViewCell.swift */; };
/* End PBXBuildFile section */

/* Begin PBXBuildRule section */
		116B123A1B7A16C900CED1AE /* PBXBuildRule */ = {
			isa = PBXBuildRule;
			compilerSpec = com.apple.compilers.proxy.script;
			fileType = pattern.proxy;
			isEditable = 1;
			outputFiles = (
			);
			script = "";
		};
/* End PBXBuildRule section */

/* Begin PBXContainerItemProxy section */
		1127841F1BCEBEAF00557A2D /* PBXContainerItemProxy */ = {
			isa = PBXContainerItemProxy;
			containerPortal = 112784171BCEBEAF00557A2D /* Alamofire.xcodeproj */;
			proxyType = 2;
			remoteGlobalIDString = F8111E3319A95C8B0040E7D1;
			remoteInfo = "Alamofire iOS";
		};
		112784211BCEBEAF00557A2D /* PBXContainerItemProxy */ = {
			isa = PBXContainerItemProxy;
			containerPortal = 112784171BCEBEAF00557A2D /* Alamofire.xcodeproj */;
			proxyType = 2;
			remoteGlobalIDString = 4DD67C0B1A5C55C900ED2280;
			remoteInfo = "Alamofire OSX";
		};
		112784231BCEBEAF00557A2D /* PBXContainerItemProxy */ = {
			isa = PBXContainerItemProxy;
			containerPortal = 112784171BCEBEAF00557A2D /* Alamofire.xcodeproj */;
			proxyType = 2;
			remoteGlobalIDString = E4202FE01B667AA100C997FB;
			remoteInfo = "Alamofire watchOS";
		};
		112784251BCEBEAF00557A2D /* PBXContainerItemProxy */ = {
			isa = PBXContainerItemProxy;
			containerPortal = 112784171BCEBEAF00557A2D /* Alamofire.xcodeproj */;
			proxyType = 2;
			remoteGlobalIDString = F8111E3E19A95C8B0040E7D1;
			remoteInfo = "Alamofire iOS Tests";
		};
		112784271BCEBEAF00557A2D /* PBXContainerItemProxy */ = {
			isa = PBXContainerItemProxy;
			containerPortal = 112784171BCEBEAF00557A2D /* Alamofire.xcodeproj */;
			proxyType = 2;
			remoteGlobalIDString = F829C6B21A7A94F100A2CD59;
			remoteInfo = "Alamofire OSX Tests";
		};
		112784341BCEC07500557A2D /* PBXContainerItemProxy */ = {
			isa = PBXContainerItemProxy;
			containerPortal = 1127842C1BCEC07500557A2D /* SwiftyJSON.xcodeproj */;
			proxyType = 2;
			remoteGlobalIDString = 2E4FEFDB19575BE100351305;
			remoteInfo = "SwiftyJSON iOS";
		};
		112784361BCEC07500557A2D /* PBXContainerItemProxy */ = {
			isa = PBXContainerItemProxy;
			containerPortal = 1127842C1BCEC07500557A2D /* SwiftyJSON.xcodeproj */;
			proxyType = 2;
			remoteGlobalIDString = 2E4FEFE619575BE100351305;
			remoteInfo = "SwiftyJSON iOS Tests";
		};
		112784381BCEC07500557A2D /* PBXContainerItemProxy */ = {
			isa = PBXContainerItemProxy;
			containerPortal = 1127842C1BCEC07500557A2D /* SwiftyJSON.xcodeproj */;
			proxyType = 2;
			remoteGlobalIDString = 9C7DFC5B1A9102BD005AA3F7;
			remoteInfo = "SwiftyJSON OSX";
		};
		1127843A1BCEC07500557A2D /* PBXContainerItemProxy */ = {
			isa = PBXContainerItemProxy;
			containerPortal = 1127842C1BCEC07500557A2D /* SwiftyJSON.xcodeproj */;
			proxyType = 2;
			remoteGlobalIDString = 9C7DFC651A9102BD005AA3F7;
			remoteInfo = "SwiftyJSON OSX Tests";
		};
		1127843C1BCEC07500557A2D /* PBXContainerItemProxy */ = {
			isa = PBXContainerItemProxy;
			containerPortal = 1127842C1BCEC07500557A2D /* SwiftyJSON.xcodeproj */;
			proxyType = 2;
			remoteGlobalIDString = E4D7CCE81B9465A700EE7221;
			remoteInfo = "SwiftyJSON watchOS";
		};
		1127843E1BCEC22800557A2D /* PBXContainerItemProxy */ = {
			isa = PBXContainerItemProxy;
			containerPortal = 112784171BCEBEAF00557A2D /* Alamofire.xcodeproj */;
			proxyType = 1;
			remoteGlobalIDString = F8111E3219A95C8B0040E7D1;
			remoteInfo = "Alamofire iOS";
		};
		112784401BCEC22C00557A2D /* PBXContainerItemProxy */ = {
			isa = PBXContainerItemProxy;
			containerPortal = 1127842C1BCEC07500557A2D /* SwiftyJSON.xcodeproj */;
			proxyType = 1;
			remoteGlobalIDString = 2E4FEFDA19575BE100351305;
			remoteInfo = "SwiftyJSON iOS";
		};
		1165E94A1BFDCC360054A263 /* PBXContainerItemProxy */ = {
			isa = PBXContainerItemProxy;
			containerPortal = 112784171BCEBEAF00557A2D /* Alamofire.xcodeproj */;
			proxyType = 2;
			remoteGlobalIDString = 4CF626EF1BA7CB3E0011A099;
			remoteInfo = "Alamofire tvOS";
		};
		1165E94C1BFDCC360054A263 /* PBXContainerItemProxy */ = {
			isa = PBXContainerItemProxy;
			containerPortal = 112784171BCEBEAF00557A2D /* Alamofire.xcodeproj */;
			proxyType = 2;
			remoteGlobalIDString = 4CF626F81BA7CB3E0011A099;
			remoteInfo = "Alamofire tvOS Tests";
		};
		1165E9501BFDCC360054A263 /* PBXContainerItemProxy */ = {
			isa = PBXContainerItemProxy;
			containerPortal = 1127842C1BCEC07500557A2D /* SwiftyJSON.xcodeproj */;
			proxyType = 2;
			remoteGlobalIDString = 7236B4F61BAC14150020529B;
			remoteInfo = "SwiftyJSON tvOS";
		};
		1165E9521BFDCC360054A263 /* PBXContainerItemProxy */ = {
			isa = PBXContainerItemProxy;
			containerPortal = 1127842C1BCEC07500557A2D /* SwiftyJSON.xcodeproj */;
			proxyType = 2;
			remoteGlobalIDString = A8580F741BCF5C5B00DA927B;
			remoteInfo = "SwiftyJSON tvOS Tests";
		};
		118D2F411B5AD9370005F577 /* PBXContainerItemProxy */ = {
			isa = PBXContainerItemProxy;
			containerPortal = 118D2F231B5AD9370005F577 /* Project object */;
			proxyType = 1;
			remoteGlobalIDString = 118D2F2A1B5AD9370005F577;
			remoteInfo = Visucast;
		};
/* End PBXContainerItemProxy section */

/* Begin PBXCopyFilesBuildPhase section */
		11E22D511B6509BC00EB6A6C /* Embed Frameworks */ = {
			isa = PBXCopyFilesBuildPhase;
			buildActionMask = 2147483647;
			dstPath = "";
			dstSubfolderSpec = 10;
			files = (
			);
			name = "Embed Frameworks";
			runOnlyForDeploymentPostprocessing = 0;
		};
/* End PBXCopyFilesBuildPhase section */

/* Begin PBXFileReference section */
		11037ED61B697111000F88EF /* SearchManager.swift */ = {isa = PBXFileReference; fileEncoding = 4; lastKnownFileType = sourcecode.swift; path = SearchManager.swift; sourceTree = "<group>"; };
		11037EF21B697B5E000F88EF /* HTMLNode.h */ = {isa = PBXFileReference; fileEncoding = 4; lastKnownFileType = sourcecode.c.h; path = HTMLNode.h; sourceTree = "<group>"; };
		11037EF31B697B5E000F88EF /* HTMLNode.m */ = {isa = PBXFileReference; fileEncoding = 4; lastKnownFileType = sourcecode.c.objc; path = HTMLNode.m; sourceTree = "<group>"; };
		11037EF41B697B5E000F88EF /* HTMLParser.h */ = {isa = PBXFileReference; fileEncoding = 4; lastKnownFileType = sourcecode.c.h; path = HTMLParser.h; sourceTree = "<group>"; };
		11037EF51B697B5E000F88EF /* HTMLParser.m */ = {isa = PBXFileReference; fileEncoding = 4; lastKnownFileType = sourcecode.c.objc; path = HTMLParser.m; sourceTree = "<group>"; };
		11175B791B68CE9D00A652CB /* PodcastEpisode.swift */ = {isa = PBXFileReference; fileEncoding = 4; lastKnownFileType = sourcecode.swift; path = PodcastEpisode.swift; sourceTree = "<group>"; };
		11175B811B68DAF100A652CB /* PodcastEpisodeTableViewCell.swift */ = {isa = PBXFileReference; fileEncoding = 4; lastKnownFileType = sourcecode.swift; path = PodcastEpisodeTableViewCell.swift; sourceTree = "<group>"; };
		112784171BCEBEAF00557A2D /* Alamofire.xcodeproj */ = {isa = PBXFileReference; lastKnownFileType = "wrapper.pb-project"; name = Alamofire.xcodeproj; path = ../../Alamofire/Alamofire.xcodeproj; sourceTree = "<group>"; };
		1127842C1BCEC07500557A2D /* SwiftyJSON.xcodeproj */ = {isa = PBXFileReference; lastKnownFileType = "wrapper.pb-project"; name = SwiftyJSON.xcodeproj; path = ../../SwiftyJSON/SwiftyJSON.xcodeproj; sourceTree = "<group>"; };
		112990E51B832E19005FD5AB /* AcousticModelEnglish.bundle */ = {isa = PBXFileReference; lastKnownFileType = "wrapper.plug-in"; path = AcousticModelEnglish.bundle; sourceTree = "<group>"; };
		112990E61B832E19005FD5AB /* AcousticModelSpanish.bundle */ = {isa = PBXFileReference; lastKnownFileType = "wrapper.plug-in"; path = AcousticModelSpanish.bundle; sourceTree = "<group>"; };
		112990E71B832E19005FD5AB /* OpenEars.framework */ = {isa = PBXFileReference; lastKnownFileType = wrapper.framework; path = OpenEars.framework; sourceTree = "<group>"; };
		112990E81B832E19005FD5AB /* Slt.framework */ = {isa = PBXFileReference; lastKnownFileType = wrapper.framework; path = Slt.framework; sourceTree = "<group>"; };
		113AA6C61B6E481B0061FFB2 /* AVFoundation.framework */ = {isa = PBXFileReference; lastKnownFileType = wrapper.framework; name = AVFoundation.framework; path = System/Library/Frameworks/AVFoundation.framework; sourceTree = SDKROOT; };
		1165E9461BFDCC350054A263 /* libxml2.dylib */ = {isa = PBXFileReference; lastKnownFileType = "compiled.mach-o.dylib"; name = libxml2.dylib; path = "../../Library/Developer/Xcode/iOS DeviceSupport/9.1 (13B143)/Symbols/usr/lib/libxml2.dylib"; sourceTree = "<group>"; };
		116B123B1B7A953500CED1AE /* Reachability.swift */ = {isa = PBXFileReference; fileEncoding = 4; lastKnownFileType = sourcecode.swift; path = Reachability.swift; sourceTree = "<group>"; };
		116B123E1B7B760C00CED1AE /* Base */ = {isa = PBXFileReference; lastKnownFileType = file.storyboard; name = Base; path = Base.lproj/Main.storyboard; sourceTree = "<group>"; };
		116B12401B7BA70300CED1AE /* AudioToolbox.framework */ = {isa = PBXFileReference; lastKnownFileType = wrapper.framework; name = AudioToolbox.framework; path = System/Library/Frameworks/AudioToolbox.framework; sourceTree = SDKROOT; };
		116CF0541B5B1CAE0056FCA0 /* glasgowLogo.gif */ = {isa = PBXFileReference; lastKnownFileType = image.gif; name = glasgowLogo.gif; path = VisucastTests/glasgowLogo.gif; sourceTree = SOURCE_ROOT; };
		116CF0561B5B203E0056FCA0 /* DownloadsViewController.swift */ = {isa = PBXFileReference; fileEncoding = 4; lastKnownFileType = sourcecode.swift; path = DownloadsViewController.swift; sourceTree = "<group>"; };
		116CF0581B5B204E0056FCA0 /* AboutViewController.swift */ = {isa = PBXFileReference; fileEncoding = 4; lastKnownFileType = sourcecode.swift; path = AboutViewController.swift; sourceTree = "<group>"; };
		116CF05A1B5B205E0056FCA0 /* SearchViewController.swift */ = {isa = PBXFileReference; fileEncoding = 4; lastKnownFileType = sourcecode.swift; path = SearchViewController.swift; sourceTree = "<group>"; };
		116CF05C1B5B207A0056FCA0 /* NowPlayingViewController.swift */ = {isa = PBXFileReference; fileEncoding = 4; lastKnownFileType = sourcecode.swift; path = NowPlayingViewController.swift; sourceTree = "<group>"; };
		116CF05E1B5B208A0056FCA0 /* PodcastFeedViewController.swift */ = {isa = PBXFileReference; fileEncoding = 4; lastKnownFileType = sourcecode.swift; path = PodcastFeedViewController.swift; sourceTree = "<group>"; };
		116F47541B94536D007856FB /* Visucast-Bridging-Header.h */ = {isa = PBXFileReference; fileEncoding = 4; lastKnownFileType = sourcecode.c.h; path = "Visucast-Bridging-Header.h"; sourceTree = "<group>"; };
		118D2F2B1B5AD9370005F577 /* Visucast.app */ = {isa = PBXFileReference; explicitFileType = wrapper.application; includeInIndex = 0; path = Visucast.app; sourceTree = BUILT_PRODUCTS_DIR; };
		118D2F2F1B5AD9370005F577 /* Info.plist */ = {isa = PBXFileReference; lastKnownFileType = text.plist.xml; path = Info.plist; sourceTree = "<group>"; };
		118D2F301B5AD9370005F577 /* AppDelegate.swift */ = {isa = PBXFileReference; lastKnownFileType = sourcecode.swift; path = AppDelegate.swift; sourceTree = "<group>"; };
		118D2F321B5AD9370005F577 /* TabViewController.swift */ = {isa = PBXFileReference; lastKnownFileType = sourcecode.swift; path = TabViewController.swift; sourceTree = "<group>"; };
		118D2F371B5AD9370005F577 /* Images.xcassets */ = {isa = PBXFileReference; lastKnownFileType = folder.assetcatalog; path = Images.xcassets; sourceTree = "<group>"; };
		118D2F3A1B5AD9370005F577 /* Base */ = {isa = PBXFileReference; lastKnownFileType = file.xib; name = Base; path = Base.lproj/LaunchScreen.xib; sourceTree = "<group>"; };
		118D2F401B5AD9370005F577 /* VisucastTests.xctest */ = {isa = PBXFileReference; explicitFileType = wrapper.cfbundle; includeInIndex = 0; path = VisucastTests.xctest; sourceTree = BUILT_PRODUCTS_DIR; };
		118D2F451B5AD9370005F577 /* Info.plist */ = {isa = PBXFileReference; lastKnownFileType = text.plist.xml; path = Info.plist; sourceTree = "<group>"; };
		118D2F461B5AD9370005F577 /* VisucastTests.swift */ = {isa = PBXFileReference; lastKnownFileType = sourcecode.swift; path = VisucastTests.swift; sourceTree = "<group>"; };
		11BCCD8C1B6A4716002D7DE9 /* DownloadsTableViewCell.swift */ = {isa = PBXFileReference; fileEncoding = 4; lastKnownFileType = sourcecode.swift; path = DownloadsTableViewCell.swift; sourceTree = "<group>"; };
		11C0065A1B8253BF0084AA5B /* DownloadProgressViewController.swift */ = {isa = PBXFileReference; fileEncoding = 4; lastKnownFileType = sourcecode.swift; path = DownloadProgressViewController.swift; sourceTree = "<group>"; };
		11C9781E1B6B90AC00EFDA95 /* DownloadManager.swift */ = {isa = PBXFileReference; fileEncoding = 4; lastKnownFileType = sourcecode.swift; path = DownloadManager.swift; sourceTree = "<group>"; };
		11D8ED5A1B7CC298003B261C /* PodcastPlayer.swift */ = {isa = PBXFileReference; fileEncoding = 4; lastKnownFileType = sourcecode.swift; path = PodcastPlayer.swift; sourceTree = "<group>"; };
		11D8ED621B7CC79C003B261C /* DictationManager.swift */ = {isa = PBXFileReference; fileEncoding = 4; lastKnownFileType = sourcecode.swift; path = DictationManager.swift; sourceTree = "<group>"; };
		11DE91BB1B970E850000E568 /* Visucast-Bridging-Header.h */ = {isa = PBXFileReference; fileEncoding = 4; lastKnownFileType = sourcecode.c.h; path = "Visucast-Bridging-Header.h"; sourceTree = "<group>"; };
		11E22D521B650D1300EB6A6C /* SearchTableView.swift */ = {isa = PBXFileReference; fileEncoding = 4; lastKnownFileType = sourcecode.swift; path = SearchTableView.swift; sourceTree = "<group>"; };
		11E22D5B1B6565F400EB6A6C /* Podcast.swift */ = {isa = PBXFileReference; fileEncoding = 4; lastKnownFileType = sourcecode.swift; path = Podcast.swift; sourceTree = "<group>"; };
		11E22D941B663C8300EB6A6C /* PodcastTableViewCell.swift */ = {isa = PBXFileReference; fileEncoding = 4; lastKnownFileType = sourcecode.swift; path = PodcastTableViewCell.swift; sourceTree = "<group>"; };
/* End PBXFileReference section */

/* Begin PBXFrameworksBuildPhase section */
		118D2F281B5AD9370005F577 /* Frameworks */ = {
			isa = PBXFrameworksBuildPhase;
			buildActionMask = 2147483647;
			files = (
				116B12411B7BA70300CED1AE /* AudioToolbox.framework in Frameworks */,
				112990EC1B832E19005FD5AB /* Slt.framework in Frameworks */,
				113AA6C71B6E481B0061FFB2 /* AVFoundation.framework in Frameworks */,
				1165E9471BFDCC350054A263 /* libxml2.dylib in Frameworks */,
			);
			runOnlyForDeploymentPostprocessing = 0;
		};
		118D2F3D1B5AD9370005F577 /* Frameworks */ = {
			isa = PBXFrameworksBuildPhase;
			buildActionMask = 2147483647;
			files = (
			);
			runOnlyForDeploymentPostprocessing = 0;
		};
/* End PBXFrameworksBuildPhase section */

/* Begin PBXGroup section */
		11037EF11B697B5E000F88EF /* HTMLParser */ = {
			isa = PBXGroup;
			children = (
				11037EF21B697B5E000F88EF /* HTMLNode.h */,
				11037EF31B697B5E000F88EF /* HTMLNode.m */,
				11037EF41B697B5E000F88EF /* HTMLParser.h */,
				11037EF51B697B5E000F88EF /* HTMLParser.m */,
			);
			path = HTMLParser;
			sourceTree = "<group>";
		};
		112784181BCEBEAF00557A2D /* Products */ = {
			isa = PBXGroup;
			children = (
				112784201BCEBEAF00557A2D /* Alamofire.framework */,
				112784261BCEBEAF00557A2D /* Alamofire iOS Tests.xctest */,
				112784221BCEBEAF00557A2D /* Alamofire.framework */,
				112784281BCEBEAF00557A2D /* Alamofire OSX Tests.xctest */,
				1165E94B1BFDCC360054A263 /* Alamofire.framework */,
				1165E94D1BFDCC360054A263 /* Alamofire tvOS Tests.xctest */,
				112784241BCEBEAF00557A2D /* Alamofire.framework */,
			);
			name = Products;
			sourceTree = "<group>";
		};
		1127842D1BCEC07500557A2D /* Products */ = {
			isa = PBXGroup;
			children = (
				112784351BCEC07500557A2D /* SwiftyJSON.framework */,
				112784371BCEC07500557A2D /* SwiftyJSON iOS Tests.xctest */,
				112784391BCEC07500557A2D /* SwiftyJSON.framework */,
				1127843B1BCEC07500557A2D /* SwiftyJSON OSX Tests.xctest */,
				1127843D1BCEC07500557A2D /* SwiftyJSON.framework */,
				1165E9511BFDCC360054A263 /* SwiftyJSON.framework */,
				1165E9531BFDCC360054A263 /* SwiftyJSON tvOS Tests.xctest */,
			);
			name = Products;
			sourceTree = "<group>";
		};
		112990E41B832E19005FD5AB /* Framework */ = {
			isa = PBXGroup;
			children = (
				1127842C1BCEC07500557A2D /* SwiftyJSON.xcodeproj */,
				112784171BCEBEAF00557A2D /* Alamofire.xcodeproj */,
				112990E51B832E19005FD5AB /* AcousticModelEnglish.bundle */,
				112990E61B832E19005FD5AB /* AcousticModelSpanish.bundle */,
				112990E71B832E19005FD5AB /* OpenEars.framework */,
				112990E81B832E19005FD5AB /* Slt.framework */,
			);
			path = Framework;
			sourceTree = "<group>";
		};
		118D2F221B5AD9370005F577 = {
			isa = PBXGroup;
			children = (
				1165E9461BFDCC350054A263 /* libxml2.dylib */,
				116B12401B7BA70300CED1AE /* AudioToolbox.framework */,
				113AA6C61B6E481B0061FFB2 /* AVFoundation.framework */,
				112990E41B832E19005FD5AB /* Framework */,
				118D2F2D1B5AD9370005F577 /* Visucast */,
				118D2F431B5AD9370005F577 /* VisucastTests */,
				118D2F2C1B5AD9370005F577 /* Products */,
			);
			sourceTree = "<group>";
		};
		118D2F2C1B5AD9370005F577 /* Products */ = {
			isa = PBXGroup;
			children = (
				118D2F2B1B5AD9370005F577 /* Visucast.app */,
				118D2F401B5AD9370005F577 /* VisucastTests.xctest */,
			);
			name = Products;
			sourceTree = "<group>";
		};
		118D2F2D1B5AD9370005F577 /* Visucast */ = {
			isa = PBXGroup;
			children = (
				116B123D1B7B760C00CED1AE /* Main.storyboard */,
				11E22D5B1B6565F400EB6A6C /* Podcast.swift */,
				11175B791B68CE9D00A652CB /* PodcastEpisode.swift */,
				116B123B1B7A953500CED1AE /* Reachability.swift */,
				11D8ED5A1B7CC298003B261C /* PodcastPlayer.swift */,
				11037ED61B697111000F88EF /* SearchManager.swift */,
				11D8ED621B7CC79C003B261C /* DictationManager.swift */,
				11C9781E1B6B90AC00EFDA95 /* DownloadManager.swift */,
				116CF0581B5B204E0056FCA0 /* AboutViewController.swift */,
				116CF05C1B5B207A0056FCA0 /* NowPlayingViewController.swift */,
				11E22D941B663C8300EB6A6C /* PodcastTableViewCell.swift */,
				116CF05A1B5B205E0056FCA0 /* SearchViewController.swift */,
				116CF05E1B5B208A0056FCA0 /* PodcastFeedViewController.swift */,
				11175B811B68DAF100A652CB /* PodcastEpisodeTableViewCell.swift */,
				116CF0561B5B203E0056FCA0 /* DownloadsViewController.swift */,
				11BCCD8C1B6A4716002D7DE9 /* DownloadsTableViewCell.swift */,
				11C0065A1B8253BF0084AA5B /* DownloadProgressViewController.swift */,
				116F47541B94536D007856FB /* Visucast-Bridging-Header.h */,
				11037EF11B697B5E000F88EF /* HTMLParser */,
				118D2F2E1B5AD9370005F577 /* Supporting Files */,
			);
			path = Visucast;
			sourceTree = "<group>";
		};
		118D2F2E1B5AD9370005F577 /* Supporting Files */ = {
			isa = PBXGroup;
			children = (
				11E22D521B650D1300EB6A6C /* SearchTableView.swift */,
				118D2F321B5AD9370005F577 /* TabViewController.swift */,
				118D2F301B5AD9370005F577 /* AppDelegate.swift */,
				118D2F371B5AD9370005F577 /* Images.xcassets */,
				116CF0541B5B1CAE0056FCA0 /* glasgowLogo.gif */,
				118D2F391B5AD9370005F577 /* LaunchScreen.xib */,
				118D2F2F1B5AD9370005F577 /* Info.plist */,
			);
			name = "Supporting Files";
			sourceTree = "<group>";
		};
		118D2F431B5AD9370005F577 /* VisucastTests */ = {
			isa = PBXGroup;
			children = (
				11DE91BB1B970E850000E568 /* Visucast-Bridging-Header.h */,
				118D2F461B5AD9370005F577 /* VisucastTests.swift */,
				118D2F441B5AD9370005F577 /* Supporting Files */,
			);
			path = VisucastTests;
			sourceTree = "<group>";
		};
		118D2F441B5AD9370005F577 /* Supporting Files */ = {
			isa = PBXGroup;
			children = (
				118D2F451B5AD9370005F577 /* Info.plist */,
			);
			name = "Supporting Files";
			sourceTree = "<group>";
		};
/* End PBXGroup section */

/* Begin PBXNativeTarget section */
		118D2F2A1B5AD9370005F577 /* Visucast */ = {
			isa = PBXNativeTarget;
			buildConfigurationList = 118D2F4A1B5AD9370005F577 /* Build configuration list for PBXNativeTarget "Visucast" */;
			buildPhases = (
				118D2F271B5AD9370005F577 /* Sources */,
				118D2F281B5AD9370005F577 /* Frameworks */,
				118D2F291B5AD9370005F577 /* Resources */,
				11E22D511B6509BC00EB6A6C /* Embed Frameworks */,
			);
			buildRules = (
				116B123A1B7A16C900CED1AE /* PBXBuildRule */,
			);
			dependencies = (
				112784411BCEC22C00557A2D /* PBXTargetDependency */,
				1127843F1BCEC22800557A2D /* PBXTargetDependency */,
			);
			name = Visucast;
			productName = Visucast;
			productReference = 118D2F2B1B5AD9370005F577 /* Visucast.app */;
			productType = "com.apple.product-type.application";
		};
		118D2F3F1B5AD9370005F577 /* VisucastTests */ = {
			isa = PBXNativeTarget;
			buildConfigurationList = 118D2F4D1B5AD9370005F577 /* Build configuration list for PBXNativeTarget "VisucastTests" */;
			buildPhases = (
				118D2F3C1B5AD9370005F577 /* Sources */,
				118D2F3D1B5AD9370005F577 /* Frameworks */,
				118D2F3E1B5AD9370005F577 /* Resources */,
			);
			buildRules = (
			);
			dependencies = (
				118D2F421B5AD9370005F577 /* PBXTargetDependency */,
			);
			name = VisucastTests;
			productName = VisucastTests;
			productReference = 118D2F401B5AD9370005F577 /* VisucastTests.xctest */;
			productType = "com.apple.product-type.bundle.unit-test";
		};
/* End PBXNativeTarget section */

/* Begin PBXProject section */
		118D2F231B5AD9370005F577 /* Project object */ = {
			isa = PBXProject;
			attributes = {
				LastSwiftUpdateCheck = 0700;
				LastUpgradeCheck = 0700;
				ORGANIZATIONNAME = "Andrew Lowson";
				TargetAttributes = {
					118D2F2A1B5AD9370005F577 = {
						CreatedOnToolsVersion = 6.4;
					};
					118D2F3F1B5AD9370005F577 = {
						CreatedOnToolsVersion = 6.4;
						TestTargetID = 118D2F2A1B5AD9370005F577;
					};
				};
			};
			buildConfigurationList = 118D2F261B5AD9370005F577 /* Build configuration list for PBXProject "Visiocast" */;
			compatibilityVersion = "Xcode 3.2";
			developmentRegion = English;
			hasScannedForEncodings = 0;
			knownRegions = (
				en,
				Base,
			);
			mainGroup = 118D2F221B5AD9370005F577;
			productRefGroup = 118D2F2C1B5AD9370005F577 /* Products */;
			projectDirPath = "";
			projectReferences = (
				{
					ProductGroup = 112784181BCEBEAF00557A2D /* Products */;
					ProjectRef = 112784171BCEBEAF00557A2D /* Alamofire.xcodeproj */;
				},
				{
					ProductGroup = 1127842D1BCEC07500557A2D /* Products */;
					ProjectRef = 1127842C1BCEC07500557A2D /* SwiftyJSON.xcodeproj */;
				},
			);
			projectRoot = "";
			targets = (
				118D2F2A1B5AD9370005F577 /* Visucast */,
				118D2F3F1B5AD9370005F577 /* VisucastTests */,
			);
		};
/* End PBXProject section */

/* Begin PBXReferenceProxy section */
		112784201BCEBEAF00557A2D /* Alamofire.framework */ = {
			isa = PBXReferenceProxy;
			fileType = wrapper.framework;
			path = Alamofire.framework;
			remoteRef = 1127841F1BCEBEAF00557A2D /* PBXContainerItemProxy */;
			sourceTree = BUILT_PRODUCTS_DIR;
		};
		112784221BCEBEAF00557A2D /* Alamofire.framework */ = {
			isa = PBXReferenceProxy;
			fileType = wrapper.framework;
			path = Alamofire.framework;
			remoteRef = 112784211BCEBEAF00557A2D /* PBXContainerItemProxy */;
			sourceTree = BUILT_PRODUCTS_DIR;
		};
		112784241BCEBEAF00557A2D /* Alamofire.framework */ = {
			isa = PBXReferenceProxy;
			fileType = wrapper.framework;
			path = Alamofire.framework;
			remoteRef = 112784231BCEBEAF00557A2D /* PBXContainerItemProxy */;
			sourceTree = BUILT_PRODUCTS_DIR;
		};
		112784261BCEBEAF00557A2D /* Alamofire iOS Tests.xctest */ = {
			isa = PBXReferenceProxy;
			fileType = wrapper.cfbundle;
			path = "Alamofire iOS Tests.xctest";
			remoteRef = 112784251BCEBEAF00557A2D /* PBXContainerItemProxy */;
			sourceTree = BUILT_PRODUCTS_DIR;
		};
		112784281BCEBEAF00557A2D /* Alamofire OSX Tests.xctest */ = {
			isa = PBXReferenceProxy;
			fileType = wrapper.cfbundle;
			path = "Alamofire OSX Tests.xctest";
			remoteRef = 112784271BCEBEAF00557A2D /* PBXContainerItemProxy */;
			sourceTree = BUILT_PRODUCTS_DIR;
		};
		112784351BCEC07500557A2D /* SwiftyJSON.framework */ = {
			isa = PBXReferenceProxy;
			fileType = wrapper.framework;
			path = SwiftyJSON.framework;
			remoteRef = 112784341BCEC07500557A2D /* PBXContainerItemProxy */;
			sourceTree = BUILT_PRODUCTS_DIR;
		};
		112784371BCEC07500557A2D /* SwiftyJSON iOS Tests.xctest */ = {
			isa = PBXReferenceProxy;
			fileType = wrapper.cfbundle;
			path = "SwiftyJSON iOS Tests.xctest";
			remoteRef = 112784361BCEC07500557A2D /* PBXContainerItemProxy */;
			sourceTree = BUILT_PRODUCTS_DIR;
		};
		112784391BCEC07500557A2D /* SwiftyJSON.framework */ = {
			isa = PBXReferenceProxy;
			fileType = wrapper.framework;
			path = SwiftyJSON.framework;
			remoteRef = 112784381BCEC07500557A2D /* PBXContainerItemProxy */;
			sourceTree = BUILT_PRODUCTS_DIR;
		};
		1127843B1BCEC07500557A2D /* SwiftyJSON OSX Tests.xctest */ = {
			isa = PBXReferenceProxy;
			fileType = wrapper.cfbundle;
			path = "SwiftyJSON OSX Tests.xctest";
			remoteRef = 1127843A1BCEC07500557A2D /* PBXContainerItemProxy */;
			sourceTree = BUILT_PRODUCTS_DIR;
		};
		1127843D1BCEC07500557A2D /* SwiftyJSON.framework */ = {
			isa = PBXReferenceProxy;
			fileType = wrapper.framework;
			path = SwiftyJSON.framework;
			remoteRef = 1127843C1BCEC07500557A2D /* PBXContainerItemProxy */;
			sourceTree = BUILT_PRODUCTS_DIR;
		};
		1165E94B1BFDCC360054A263 /* Alamofire.framework */ = {
			isa = PBXReferenceProxy;
			fileType = wrapper.framework;
			path = Alamofire.framework;
			remoteRef = 1165E94A1BFDCC360054A263 /* PBXContainerItemProxy */;
			sourceTree = BUILT_PRODUCTS_DIR;
		};
		1165E94D1BFDCC360054A263 /* Alamofire tvOS Tests.xctest */ = {
			isa = PBXReferenceProxy;
			fileType = wrapper.cfbundle;
			path = "Alamofire tvOS Tests.xctest";
			remoteRef = 1165E94C1BFDCC360054A263 /* PBXContainerItemProxy */;
			sourceTree = BUILT_PRODUCTS_DIR;
		};
		1165E9511BFDCC360054A263 /* SwiftyJSON.framework */ = {
			isa = PBXReferenceProxy;
			fileType = wrapper.framework;
			path = SwiftyJSON.framework;
			remoteRef = 1165E9501BFDCC360054A263 /* PBXContainerItemProxy */;
			sourceTree = BUILT_PRODUCTS_DIR;
		};
		1165E9531BFDCC360054A263 /* SwiftyJSON tvOS Tests.xctest */ = {
			isa = PBXReferenceProxy;
			fileType = wrapper.cfbundle;
			path = "SwiftyJSON tvOS Tests.xctest";
			remoteRef = 1165E9521BFDCC360054A263 /* PBXContainerItemProxy */;
			sourceTree = BUILT_PRODUCTS_DIR;
		};
/* End PBXReferenceProxy section */

/* Begin PBXResourcesBuildPhase section */
		118D2F291B5AD9370005F577 /* Resources */ = {
			isa = PBXResourcesBuildPhase;
			buildActionMask = 2147483647;
			files = (
				116B123F1B7B760C00CED1AE /* Main.storyboard in Resources */,
				112990EA1B832E19005FD5AB /* AcousticModelSpanish.bundle in Resources */,
				112990E91B832E19005FD5AB /* AcousticModelEnglish.bundle in Resources */,
				118D2F3B1B5AD9370005F577 /* LaunchScreen.xib in Resources */,
				118D2F381B5AD9370005F577 /* Images.xcassets in Resources */,
			);
			runOnlyForDeploymentPostprocessing = 0;
		};
		118D2F3E1B5AD9370005F577 /* Resources */ = {
			isa = PBXResourcesBuildPhase;
			buildActionMask = 2147483647;
			files = (
				116CF0551B5B1CAE0056FCA0 /* glasgowLogo.gif in Resources */,
			);
			runOnlyForDeploymentPostprocessing = 0;
		};
/* End PBXResourcesBuildPhase section */

/* Begin PBXSourcesBuildPhase section */
		118D2F271B5AD9370005F577 /* Sources */ = {
			isa = PBXSourcesBuildPhase;
			buildActionMask = 2147483647;
			files = (
				11037EF61B697B5E000F88EF /* HTMLNode.m in Sources */,
				116CF05B1B5B205E0056FCA0 /* SearchViewController.swift in Sources */,
				118D2F331B5AD9370005F577 /* TabViewController.swift in Sources */,
				11175B821B68DAF100A652CB /* PodcastEpisodeTableViewCell.swift in Sources */,
				11037EF71B697B5E000F88EF /* HTMLParser.m in Sources */,
				11BCCD8D1B6A4716002D7DE9 /* DownloadsTableViewCell.swift in Sources */,
				118D2F311B5AD9370005F577 /* AppDelegate.swift in Sources */,
				11D8ED631B7CC79C003B261C /* DictationManager.swift in Sources */,
				11E22D951B663C8300EB6A6C /* PodcastTableViewCell.swift in Sources */,
				11C9781F1B6B90AC00EFDA95 /* DownloadManager.swift in Sources */,
				11D8ED5B1B7CC298003B261C /* PodcastPlayer.swift in Sources */,
				116CF0591B5B204E0056FCA0 /* AboutViewController.swift in Sources */,
				11E22D531B650D1300EB6A6C /* SearchTableView.swift in Sources */,
				11037ED71B697111000F88EF /* SearchManager.swift in Sources */,
				11E22D5C1B6565F400EB6A6C /* Podcast.swift in Sources */,
				116CF05D1B5B207A0056FCA0 /* NowPlayingViewController.swift in Sources */,
				116B123C1B7A953500CED1AE /* Reachability.swift in Sources */,
				11C0065B1B8253BF0084AA5B /* DownloadProgressViewController.swift in Sources */,
				116CF05F1B5B208A0056FCA0 /* PodcastFeedViewController.swift in Sources */,
				11175B7A1B68CE9D00A652CB /* PodcastEpisode.swift in Sources */,
				116CF0571B5B203E0056FCA0 /* DownloadsViewController.swift in Sources */,
			);
			runOnlyForDeploymentPostprocessing = 0;
		};
		118D2F3C1B5AD9370005F577 /* Sources */ = {
			isa = PBXSourcesBuildPhase;
			buildActionMask = 2147483647;
			files = (
				118D2F471B5AD9370005F577 /* VisucastTests.swift in Sources */,
			);
			runOnlyForDeploymentPostprocessing = 0;
		};
/* End PBXSourcesBuildPhase section */

/* Begin PBXTargetDependency section */
		1127843F1BCEC22800557A2D /* PBXTargetDependency */ = {
			isa = PBXTargetDependency;
			name = "Alamofire iOS";
			targetProxy = 1127843E1BCEC22800557A2D /* PBXContainerItemProxy */;
		};
		112784411BCEC22C00557A2D /* PBXTargetDependency */ = {
			isa = PBXTargetDependency;
			name = "SwiftyJSON iOS";
			targetProxy = 112784401BCEC22C00557A2D /* PBXContainerItemProxy */;
		};
		118D2F421B5AD9370005F577 /* PBXTargetDependency */ = {
			isa = PBXTargetDependency;
			target = 118D2F2A1B5AD9370005F577 /* Visucast */;
			targetProxy = 118D2F411B5AD9370005F577 /* PBXContainerItemProxy */;
		};
/* End PBXTargetDependency section */

/* Begin PBXVariantGroup section */
		116B123D1B7B760C00CED1AE /* Main.storyboard */ = {
			isa = PBXVariantGroup;
			children = (
				116B123E1B7B760C00CED1AE /* Base */,
			);
			name = Main.storyboard;
			sourceTree = "<group>";
		};
		118D2F391B5AD9370005F577 /* LaunchScreen.xib */ = {
			isa = PBXVariantGroup;
			children = (
				118D2F3A1B5AD9370005F577 /* Base */,
			);
			name = LaunchScreen.xib;
			sourceTree = "<group>";
		};
/* End PBXVariantGroup section */

/* Begin XCBuildConfiguration section */
		118D2F481B5AD9370005F577 /* Debug */ = {
			isa = XCBuildConfiguration;
			buildSettings = {
				ALWAYS_SEARCH_USER_PATHS = NO;
				CLANG_CXX_LANGUAGE_STANDARD = "gnu++0x";
				CLANG_CXX_LIBRARY = "libc++";
				CLANG_ENABLE_MODULES = YES;
				CLANG_ENABLE_OBJC_ARC = YES;
				CLANG_WARN_BOOL_CONVERSION = YES;
				CLANG_WARN_CONSTANT_CONVERSION = YES;
				CLANG_WARN_DIRECT_OBJC_ISA_USAGE = YES_ERROR;
				CLANG_WARN_EMPTY_BODY = YES;
				CLANG_WARN_ENUM_CONVERSION = YES;
				CLANG_WARN_INT_CONVERSION = YES;
				CLANG_WARN_OBJC_ROOT_CLASS = YES_ERROR;
				CLANG_WARN_UNREACHABLE_CODE = YES;
				CLANG_WARN__DUPLICATE_METHOD_MATCH = YES;
				"CODE_SIGN_IDENTITY[sdk=iphoneos*]" = "iPhone Developer";
				COPY_PHASE_STRIP = NO;
				DEBUG_INFORMATION_FORMAT = "dwarf-with-dsym";
				ENABLE_STRICT_OBJC_MSGSEND = YES;
				ENABLE_TESTABILITY = YES;
				GCC_C_LANGUAGE_STANDARD = gnu99;
				GCC_DYNAMIC_NO_PIC = NO;
				GCC_NO_COMMON_BLOCKS = YES;
				GCC_OPTIMIZATION_LEVEL = 0;
				GCC_PREPROCESSOR_DEFINITIONS = (
					"DEBUG=1",
					"$(inherited)",
				);
				GCC_SYMBOLS_PRIVATE_EXTERN = NO;
				GCC_WARN_64_TO_32_BIT_CONVERSION = YES;
				GCC_WARN_ABOUT_RETURN_TYPE = YES_ERROR;
				GCC_WARN_UNDECLARED_SELECTOR = YES;
				GCC_WARN_UNINITIALIZED_AUTOS = YES_AGGRESSIVE;
				GCC_WARN_UNUSED_FUNCTION = YES;
				GCC_WARN_UNUSED_VARIABLE = YES;
				IPHONEOS_DEPLOYMENT_TARGET = 9.0;
				MTL_ENABLE_DEBUG_INFO = YES;
				ONLY_ACTIVE_ARCH = YES;
				SDKROOT = iphoneos;
				SWIFT_OPTIMIZATION_LEVEL = "-Onone";
				TARGETED_DEVICE_FAMILY = "1,2";
			};
			name = Debug;
		};
		118D2F491B5AD9370005F577 /* Release */ = {
			isa = XCBuildConfiguration;
			buildSettings = {
				ALWAYS_SEARCH_USER_PATHS = NO;
				CLANG_CXX_LANGUAGE_STANDARD = "gnu++0x";
				CLANG_CXX_LIBRARY = "libc++";
				CLANG_ENABLE_MODULES = YES;
				CLANG_ENABLE_OBJC_ARC = YES;
				CLANG_WARN_BOOL_CONVERSION = YES;
				CLANG_WARN_CONSTANT_CONVERSION = YES;
				CLANG_WARN_DIRECT_OBJC_ISA_USAGE = YES_ERROR;
				CLANG_WARN_EMPTY_BODY = YES;
				CLANG_WARN_ENUM_CONVERSION = YES;
				CLANG_WARN_INT_CONVERSION = YES;
				CLANG_WARN_OBJC_ROOT_CLASS = YES_ERROR;
				CLANG_WARN_UNREACHABLE_CODE = YES;
				CLANG_WARN__DUPLICATE_METHOD_MATCH = YES;
				"CODE_SIGN_IDENTITY[sdk=iphoneos*]" = "iPhone Developer";
				COPY_PHASE_STRIP = NO;
				DEBUG_INFORMATION_FORMAT = "dwarf-with-dsym";
				ENABLE_NS_ASSERTIONS = NO;
				ENABLE_STRICT_OBJC_MSGSEND = YES;
				GCC_C_LANGUAGE_STANDARD = gnu99;
				GCC_NO_COMMON_BLOCKS = YES;
				GCC_WARN_64_TO_32_BIT_CONVERSION = YES;
				GCC_WARN_ABOUT_RETURN_TYPE = YES_ERROR;
				GCC_WARN_UNDECLARED_SELECTOR = YES;
				GCC_WARN_UNINITIALIZED_AUTOS = YES_AGGRESSIVE;
				GCC_WARN_UNUSED_FUNCTION = YES;
				GCC_WARN_UNUSED_VARIABLE = YES;
				IPHONEOS_DEPLOYMENT_TARGET = 9.0;
				MTL_ENABLE_DEBUG_INFO = NO;
				SDKROOT = iphoneos;
				TARGETED_DEVICE_FAMILY = "1,2";
				VALIDATE_PRODUCT = YES;
			};
			name = Release;
		};
		118D2F4B1B5AD9370005F577 /* Debug */ = {
			isa = XCBuildConfiguration;
			buildSettings = {
				ASSETCATALOG_COMPILER_APPICON_NAME = AppIcon;
				FRAMEWORK_SEARCH_PATHS = (
					"$(inherited)",
					"$(PROJECT_DIR)/Framework",
				);
				GCC_GENERATE_TEST_COVERAGE_FILES = YES;
				GCC_INSTRUMENT_PROGRAM_FLOW_ARCS = YES;
				HEADER_SEARCH_PATHS = (
					"$(inherited)",
					/Applications/Xcode.app/Contents/Developer/Toolchains/XcodeDefault.xctoolchain/usr/include,
					/usr/include/libxml2,
				);
				INFOPLIST_FILE = Visucast/Info.plist;
				LD_RUNPATH_SEARCH_PATHS = "$(inherited) @executable_path/Frameworks";
				PRODUCT_BUNDLE_IDENTIFIER = "uk.co.globalweb.andrewlowson.$(PRODUCT_NAME:rfc1034identifier)";
				PRODUCT_NAME = "$(TARGET_NAME)";
				SWIFT_OBJC_BRIDGING_HEADER = "Visucast/Visucast-Bridging-Header.h";
			};
			name = Debug;
		};
		118D2F4C1B5AD9370005F577 /* Release */ = {
			isa = XCBuildConfiguration;
			buildSettings = {
				ASSETCATALOG_COMPILER_APPICON_NAME = AppIcon;
				FRAMEWORK_SEARCH_PATHS = (
					"$(inherited)",
					"$(PROJECT_DIR)/Framework",
				);
				HEADER_SEARCH_PATHS = (
					"$(inherited)",
					/Applications/Xcode.app/Contents/Developer/Toolchains/XcodeDefault.xctoolchain/usr/include,
					/usr/include/libxml2,
				);
				INFOPLIST_FILE = Visucast/Info.plist;
				LD_RUNPATH_SEARCH_PATHS = "$(inherited) @executable_path/Frameworks";
				PRODUCT_BUNDLE_IDENTIFIER = "uk.co.globalweb.andrewlowson.$(PRODUCT_NAME:rfc1034identifier)";
				PRODUCT_NAME = "$(TARGET_NAME)";
				SWIFT_OBJC_BRIDGING_HEADER = "Visucast/Visucast-Bridging-Header.h";
			};
			name = Release;
		};
		118D2F4E1B5AD9370005F577 /* Debug */ = {
			isa = XCBuildConfiguration;
			buildSettings = {
				BUNDLE_LOADER = "$(TEST_HOST)";
				FRAMEWORK_SEARCH_PATHS = (
					"$(SDKROOT)/Developer/Library/Frameworks",
					"$(inherited)",
				);
				GCC_GENERATE_TEST_COVERAGE_FILES = YES;
				GCC_INSTRUMENT_PROGRAM_FLOW_ARCS = YES;
				GCC_PREPROCESSOR_DEFINITIONS = (
					"DEBUG=1",
					"$(inherited)",
				);
				INFOPLIST_FILE = VisucastTests/Info.plist;
				LD_RUNPATH_SEARCH_PATHS = "$(inherited) @executable_path/Frameworks @loader_path/Frameworks";
				PRODUCT_BUNDLE_IDENTIFIER = "uk.co.globalweb.andrewlowson.$(PRODUCT_NAME:rfc1034identifier)";
				PRODUCT_NAME = "$(TARGET_NAME)";
				TEST_HOST = "$(BUILT_PRODUCTS_DIR)/Visucast.app/Visucast";
			};
			name = Debug;
		};
		118D2F4F1B5AD9370005F577 /* Release */ = {
			isa = XCBuildConfiguration;
			buildSettings = {
				BUNDLE_LOADER = "$(TEST_HOST)";
				FRAMEWORK_SEARCH_PATHS = (
					"$(SDKROOT)/Developer/Library/Frameworks",
					"$(inherited)",
				);
				INFOPLIST_FILE = VisucastTests/Info.plist;
				LD_RUNPATH_SEARCH_PATHS = "$(inherited) @executable_path/Frameworks @loader_path/Frameworks";
				PRODUCT_BUNDLE_IDENTIFIER = "uk.co.globalweb.andrewlowson.$(PRODUCT_NAME:rfc1034identifier)";
				PRODUCT_NAME = "$(TARGET_NAME)";
				TEST_HOST = "$(BUILT_PRODUCTS_DIR)/Visucast.app/Visucast";
			};
			name = Release;
		};
/* End XCBuildConfiguration section */

/* Begin XCConfigurationList section */
		118D2F261B5AD9370005F577 /* Build configuration list for PBXProject "Visiocast" */ = {
			isa = XCConfigurationList;
			buildConfigurations = (
				118D2F481B5AD9370005F577 /* Debug */,
				118D2F491B5AD9370005F577 /* Release */,
			);
			defaultConfigurationIsVisible = 0;
			defaultConfigurationName = Release;
		};
		118D2F4A1B5AD9370005F577 /* Build configuration list for PBXNativeTarget "Visucast" */ = {
			isa = XCConfigurationList;
			buildConfigurations = (
				118D2F4B1B5AD9370005F577 /* Debug */,
				118D2F4C1B5AD9370005F577 /* Release */,
			);
			defaultConfigurationIsVisible = 0;
			defaultConfigurationName = Release;
		};
		118D2F4D1B5AD9370005F577 /* Build configuration list for PBXNativeTarget "VisucastTests" */ = {
			isa = XCConfigurationList;
			buildConfigurations = (
				118D2F4E1B5AD9370005F577 /* Debug */,
				118D2F4F1B5AD9370005F577 /* Release */,
			);
			defaultConfigurationIsVisible = 0;
			defaultConfigurationName = Release;
		};
/* End XCConfigurationList section */
	};
	rootObject = 118D2F231B5AD9370005F577 /* Project object */;
}
